
Microsoft Visual Studio Solution File, Format Version 11.00
# Visual Web Developer Express 2010
Project("{FAE04EC0-301F-11D3-BF4B-00C04F79EFBC}") = "MvcMusicStore", "MvcMusicStore.csproj", "{5A1C4C14-A9A9-4A43-B2AF-010F6CC32D62}"
EndProject
Global
	GlobalSection(SolutionConfigurationPlatforms) = preSolution
		Debug|Any CPU = Debug|Any CPU
		Release|Any CPU = Release|Any CPU
	EndGlobalSection
	GlobalSection(ProjectConfigurationPlatforms) = postSolution
		{5A1C4C14-A9A9-4A43-B2AF-010F6CC32D62}.Debug|Any CPU.ActiveCfg = Debug|Any CPU
		{5A1C4C14-A9A9-4A43-B2AF-010F6CC32D62}.Debug|Any CPU.Build.0 = Debug|Any CPU
		{5A1C4C14-A9A9-4A43-B2AF-010F6CC32D62}.Release|Any CPU.ActiveCfg = Release|Any CPU
		{5A1C4C14-A9A9-4A43-B2AF-010F6CC32D62}.Release|Any CPU.Build.0 = Release|Any CPU
	EndGlobalSection
	GlobalSection(SolutionProperties) = preSolution
		HideSolutionNode = FALSE
	EndGlobalSection
EndGlobal
